
Microsoft Visual Studio Solution File, Format Version 12.00
# Visual Studio Version 17
VisualStudioVersion = 17.13.35931.197 d17.13
MinimumVisualStudioVersion = 10.0.40219.1
Project("{FAE04EC0-301F-11D3-BF4B-00C04F79EFBC}") = "Suanha3", "Suanha3\Suanha3.csproj", "{68729461-B812-47A1-B832-AA849D0A4832}"
EndProject
Global
	GlobalSection(SolutionConfigurationPlatforms) = preSolution
		Debug|Any CPU = Debug|Any CPU
		Release|Any CPU = Release|Any CPU
	EndGlobalSection
	GlobalSection(ProjectConfigurationPlatforms) = postSolution
		{68729461-B812-47A1-B832-AA849D0A4832}.Debug|Any CPU.ActiveCfg = Debug|Any CPU
		{68729461-B812-47A1-B832-AA849D0A4832}.Debug|Any CPU.Build.0 = Debug|Any CPU
		{68729461-B812-47A1-B832-AA849D0A4832}.Release|Any CPU.ActiveCfg = Release|Any CPU
		{68729461-B812-47A1-B832-AA849D0A4832}.Release|Any CPU.Build.0 = Release|Any CPU
	EndGlobalSection
	GlobalSection(SolutionProperties) = preSolution
		HideSolutionNode = FALSE
	EndGlobalSection
	GlobalSection(ExtensibilityGlobals) = postSolution
		SolutionGuid = {D8A82766-0B31-482A-B6B2-B547338A514D}
	EndGlobalSection
EndGlobal
